
Microsoft Visual Studio Solution File, Format Version 12.00
# Visual Studio 15
Project("{FAE04EC0-301F-11D3-BF4B-00C04F79EFBC}") = "Assembly-CSharp", "Assembly-CSharp.csproj", "{DCD8A08A-CC79-F9FD-40B2-203B028E8A2F}"
EndProject
Global
	GlobalSection(SolutionConfigurationPlatforms) = preSolution
		Debug|Any CPU = Debug|Any CPU
		Release|Any CPU = Release|Any CPU
	EndGlobalSection
	GlobalSection(ProjectConfigurationPlatforms) = postSolution
		{DCD8A08A-CC79-F9FD-40B2-203B028E8A2F}.Debug|Any CPU.ActiveCfg = Debug|Any CPU
		{DCD8A08A-CC79-F9FD-40B2-203B028E8A2F}.Debug|Any CPU.Build.0 = Debug|Any CPU
		{DCD8A08A-CC79-F9FD-40B2-203B028E8A2F}.Release|Any CPU.ActiveCfg = Release|Any CPU
		{DCD8A08A-CC79-F9FD-40B2-203B028E8A2F}.Release|Any CPU.Build.0 = Release|Any CPU
	EndGlobalSection
	GlobalSection(SolutionProperties) = preSolution
		HideSolutionNode = FALSE
	EndGlobalSection
EndGlobal
